
Microsoft Visual Studio Solution File, Format Version 12.00
# Visual Studio Version 17
VisualStudioVersion = 17.9.34728.123
MinimumVisualStudioVersion = 10.0.40219.1
Project("{9A19103F-16F7-4668-BE54-9A1E7A4F7556}") = "EventManagementSystem", "EventManagementSystem\EventManagementSystem.csproj", "{53D0160B-9FDE-4032-8146-E5FF9CD9FDC6}"
EndProject
Project("{2150E333-8FDC-42A3-9474-1A3956D46DE8}") = "App", "App", "{2EF4BE0B-6A90-4572-A5E8-EF69D2221F68}"
EndProject
Project("{2150E333-8FDC-42A3-9474-1A3956D46DE8}") = "Base", "Base", "{B4BE1492-9D34-4528-B7BD-6070A5C5DDA7}"
EndProject
Project("{2150E333-8FDC-42A3-9474-1A3956D46DE8}") = "Solution Items", "Solution Items", "{62F016B6-6249-45D0-9E91-2870FD0FB383}"
	ProjectSection(SolutionItems) = preProject
		Directory.Build.Props = Directory.Build.Props
	EndProjectSection
EndProject
Project("{2150E333-8FDC-42A3-9474-1A3956D46DE8}") = "Tests", "Tests", "{753AC676-ADA9-41FB-800E-B213456D19C5}"
EndProject
Project("{2150E333-8FDC-42A3-9474-1A3956D46DE8}") = "Contracts", "Contracts", "{6F4C9BC1-F080-4073-9ED2-F3A069A9717C}"
EndProject
Project("{FAE04EC0-301F-11D3-BF4B-00C04F79EFBC}") = "BLL.Contracts.Base", "BLL.Contracts.Base\BLL.Contracts.Base.csproj", "{323AE533-6AD4-4C54-9FCE-A9BDAD620A02}"
EndProject
Project("{FAE04EC0-301F-11D3-BF4B-00C04F79EFBC}") = "Contracts.Base", "Contracts.Base\Contracts.Base.csproj", "{70FFF412-61FD-4530-87BF-58C9881DB458}"
EndProject
Project("{FAE04EC0-301F-11D3-BF4B-00C04F79EFBC}") = "DAL.Contracts.Base", "DAL.Contracts.Base\DAL.Contracts.Base.csproj", "{BD60BD42-964E-40ED-BE42-5189B61CDE57}"
EndProject
Project("{FAE04EC0-301F-11D3-BF4B-00C04F79EFBC}") = "Domain.Contracts.Base", "Domain.Contracts.Base\Domain.Contracts.Base.csproj", "{E567F824-13C9-4D8B-A742-A7D079E074C6}"
EndProject
Project("{FAE04EC0-301F-11D3-BF4B-00C04F79EFBC}") = "BLL.Base", "BLL.Base\BLL.Base.csproj", "{2B9844E7-AFF9-4DDA-8C82-209F188EE097}"
EndProject
Project("{FAE04EC0-301F-11D3-BF4B-00C04F79EFBC}") = "DAL.Base", "DAL.Base\DAL.Base.csproj", "{7CB27F8B-BBCD-4B26-BD09-A796CDF42AE5}"
EndProject
Project("{FAE04EC0-301F-11D3-BF4B-00C04F79EFBC}") = "DAL.EF.Base", "DAL.EF.Base\DAL.EF.Base.csproj", "{E6FCAC7F-897E-4D25-B0E0-3F87EAD52786}"
EndProject
Project("{FAE04EC0-301F-11D3-BF4B-00C04F79EFBC}") = "Domain.Base", "Domain.Base\Domain.Base.csproj", "{9E7E1BBE-3332-4CD5-B811-C6D90F7BDAAD}"
EndProject
Project("{FAE04EC0-301F-11D3-BF4B-00C04F79EFBC}") = "Extensions.Base", "Extensions.Base\Extensions.Base.csproj", "{CF414AD1-EEEB-4835-8E2D-F207BC47F75A}"
EndProject
Project("{FAE04EC0-301F-11D3-BF4B-00C04F79EFBC}") = "Tests", "Tests\Tests.csproj", "{3DDDDB0D-5E73-4A48-B720-21EB1C016F5A}"
EndProject
Global
	GlobalSection(SolutionConfigurationPlatforms) = preSolution
		Debug|Any CPU = Debug|Any CPU
		Release|Any CPU = Release|Any CPU
	EndGlobalSection
	GlobalSection(ProjectConfigurationPlatforms) = postSolution
		{53D0160B-9FDE-4032-8146-E5FF9CD9FDC6}.Debug|Any CPU.ActiveCfg = Debug|Any CPU
		{53D0160B-9FDE-4032-8146-E5FF9CD9FDC6}.Debug|Any CPU.Build.0 = Debug|Any CPU
		{53D0160B-9FDE-4032-8146-E5FF9CD9FDC6}.Release|Any CPU.ActiveCfg = Release|Any CPU
		{53D0160B-9FDE-4032-8146-E5FF9CD9FDC6}.Release|Any CPU.Build.0 = Release|Any CPU
		{323AE533-6AD4-4C54-9FCE-A9BDAD620A02}.Debug|Any CPU.ActiveCfg = Debug|Any CPU
		{323AE533-6AD4-4C54-9FCE-A9BDAD620A02}.Debug|Any CPU.Build.0 = Debug|Any CPU
		{323AE533-6AD4-4C54-9FCE-A9BDAD620A02}.Release|Any CPU.ActiveCfg = Release|Any CPU
		{323AE533-6AD4-4C54-9FCE-A9BDAD620A02}.Release|Any CPU.Build.0 = Release|Any CPU
		{70FFF412-61FD-4530-87BF-58C9881DB458}.Debug|Any CPU.ActiveCfg = Debug|Any CPU
		{70FFF412-61FD-4530-87BF-58C9881DB458}.Debug|Any CPU.Build.0 = Debug|Any CPU
		{70FFF412-61FD-4530-87BF-58C9881DB458}.Release|Any CPU.ActiveCfg = Release|Any CPU
		{70FFF412-61FD-4530-87BF-58C9881DB458}.Release|Any CPU.Build.0 = Release|Any CPU
		{BD60BD42-964E-40ED-BE42-5189B61CDE57}.Debug|Any CPU.ActiveCfg = Debug|Any CPU
		{BD60BD42-964E-40ED-BE42-5189B61CDE57}.Debug|Any CPU.Build.0 = Debug|Any CPU
		{BD60BD42-964E-40ED-BE42-5189B61CDE57}.Release|Any CPU.ActiveCfg = Release|Any CPU
		{BD60BD42-964E-40ED-BE42-5189B61CDE57}.Release|Any CPU.Build.0 = Release|Any CPU
		{E567F824-13C9-4D8B-A742-A7D079E074C6}.Debug|Any CPU.ActiveCfg = Debug|Any CPU
		{E567F824-13C9-4D8B-A742-A7D079E074C6}.Debug|Any CPU.Build.0 = Debug|Any CPU
		{E567F824-13C9-4D8B-A742-A7D079E074C6}.Release|Any CPU.ActiveCfg = Release|Any CPU
		{E567F824-13C9-4D8B-A742-A7D079E074C6}.Release|Any CPU.Build.0 = Release|Any CPU
		{2B9844E7-AFF9-4DDA-8C82-209F188EE097}.Debug|Any CPU.ActiveCfg = Debug|Any CPU
		{2B9844E7-AFF9-4DDA-8C82-209F188EE097}.Debug|Any CPU.Build.0 = Debug|Any CPU
		{2B9844E7-AFF9-4DDA-8C82-209F188EE097}.Release|Any CPU.ActiveCfg = Release|Any CPU
		{2B9844E7-AFF9-4DDA-8C82-209F188EE097}.Release|Any CPU.Build.0 = Release|Any CPU
		{7CB27F8B-BBCD-4B26-BD09-A796CDF42AE5}.Debug|Any CPU.ActiveCfg = Debug|Any CPU
		{7CB27F8B-BBCD-4B26-BD09-A796CDF42AE5}.Debug|Any CPU.Build.0 = Debug|Any CPU
		{7CB27F8B-BBCD-4B26-BD09-A796CDF42AE5}.Release|Any CPU.ActiveCfg = Release|Any CPU
		{7CB27F8B-BBCD-4B26-BD09-A796CDF42AE5}.Release|Any CPU.Build.0 = Release|Any CPU
		{E6FCAC7F-897E-4D25-B0E0-3F87EAD52786}.Debug|Any CPU.ActiveCfg = Debug|Any CPU
		{E6FCAC7F-897E-4D25-B0E0-3F87EAD52786}.Debug|Any CPU.Build.0 = Debug|Any CPU
		{E6FCAC7F-897E-4D25-B0E0-3F87EAD52786}.Release|Any CPU.ActiveCfg = Release|Any CPU
		{E6FCAC7F-897E-4D25-B0E0-3F87EAD52786}.Release|Any CPU.Build.0 = Release|Any CPU
		{9E7E1BBE-3332-4CD5-B811-C6D90F7BDAAD}.Debug|Any CPU.ActiveCfg = Debug|Any CPU
		{9E7E1BBE-3332-4CD5-B811-C6D90F7BDAAD}.Debug|Any CPU.Build.0 = Debug|Any CPU
		{9E7E1BBE-3332-4CD5-B811-C6D90F7BDAAD}.Release|Any CPU.ActiveCfg = Release|Any CPU
		{9E7E1BBE-3332-4CD5-B811-C6D90F7BDAAD}.Release|Any CPU.Build.0 = Release|Any CPU
		{CF414AD1-EEEB-4835-8E2D-F207BC47F75A}.Debug|Any CPU.ActiveCfg = Debug|Any CPU
		{CF414AD1-EEEB-4835-8E2D-F207BC47F75A}.Debug|Any CPU.Build.0 = Debug|Any CPU
		{CF414AD1-EEEB-4835-8E2D-F207BC47F75A}.Release|Any CPU.ActiveCfg = Release|Any CPU
		{CF414AD1-EEEB-4835-8E2D-F207BC47F75A}.Release|Any CPU.Build.0 = Release|Any CPU
		{3DDDDB0D-5E73-4A48-B720-21EB1C016F5A}.Debug|Any CPU.ActiveCfg = Debug|Any CPU
		{3DDDDB0D-5E73-4A48-B720-21EB1C016F5A}.Debug|Any CPU.Build.0 = Debug|Any CPU
		{3DDDDB0D-5E73-4A48-B720-21EB1C016F5A}.Release|Any CPU.ActiveCfg = Release|Any CPU
		{3DDDDB0D-5E73-4A48-B720-21EB1C016F5A}.Release|Any CPU.Build.0 = Release|Any CPU
	EndGlobalSection
	GlobalSection(SolutionProperties) = preSolution
		HideSolutionNode = FALSE
	EndGlobalSection
	GlobalSection(NestedProjects) = preSolution
		{53D0160B-9FDE-4032-8146-E5FF9CD9FDC6} = {2EF4BE0B-6A90-4572-A5E8-EF69D2221F68}
		{6F4C9BC1-F080-4073-9ED2-F3A069A9717C} = {B4BE1492-9D34-4528-B7BD-6070A5C5DDA7}
		{323AE533-6AD4-4C54-9FCE-A9BDAD620A02} = {6F4C9BC1-F080-4073-9ED2-F3A069A9717C}
		{70FFF412-61FD-4530-87BF-58C9881DB458} = {6F4C9BC1-F080-4073-9ED2-F3A069A9717C}
		{BD60BD42-964E-40ED-BE42-5189B61CDE57} = {6F4C9BC1-F080-4073-9ED2-F3A069A9717C}
		{E567F824-13C9-4D8B-A742-A7D079E074C6} = {6F4C9BC1-F080-4073-9ED2-F3A069A9717C}
		{2B9844E7-AFF9-4DDA-8C82-209F188EE097} = {B4BE1492-9D34-4528-B7BD-6070A5C5DDA7}
		{7CB27F8B-BBCD-4B26-BD09-A796CDF42AE5} = {B4BE1492-9D34-4528-B7BD-6070A5C5DDA7}
		{E6FCAC7F-897E-4D25-B0E0-3F87EAD52786} = {B4BE1492-9D34-4528-B7BD-6070A5C5DDA7}
		{9E7E1BBE-3332-4CD5-B811-C6D90F7BDAAD} = {B4BE1492-9D34-4528-B7BD-6070A5C5DDA7}
		{CF414AD1-EEEB-4835-8E2D-F207BC47F75A} = {B4BE1492-9D34-4528-B7BD-6070A5C5DDA7}
		{3DDDDB0D-5E73-4A48-B720-21EB1C016F5A} = {753AC676-ADA9-41FB-800E-B213456D19C5}
	EndGlobalSection
	GlobalSection(ExtensibilityGlobals) = postSolution
		SolutionGuid = {2F836EDB-3B8D-44DB-B76B-8C91CB15A531}
	EndGlobalSection
EndGlobal
